<?xml version="1.0" encoding="UTF-8" standalone="yes" ?>
<CodeBlocks_project_file>
	<FileVersion major="1" minor="6" />
	<Project>
		<Option title="cmpbin" />
		<Option pch_mode="2" />
		<Option compiler="gcc" />
		<Build>
			<Target title="Debug x64">
				<Option platforms="Unix;" />
				<Option output="../Debug/cmpbin" prefix_auto="1" extension_auto="1" />
				<Option object_output="Debug/" />
				<Option deps_output="../Debug/" />
				<Option type="0" />
				<Option compiler="gcc" />
				<Compiler>
					<Add option="-Wall" />
					<Add option="-std=gnu++11" />
					<Add option="-m64" />
					<Add option="-g" />
					<Add option="-O0" />
					<Add option="`wx-config --cxxflags`" />
					<Add option="-DWIN32" />
					<Add directory="/home/ivan/src/cmpbin/cmpbin/" />
					<Add directory="/home/ivan/src/cmpbin/cmpbin/CmpbinLibrary" />
					<Add directory="include" />
				</Compiler>
				<Linker>
					<Add option="-m64" />
					<Add option="`wx-config --libs`" />
				</Linker>
			</Target>
			<Target title="Release x64">
				<Option platforms="Unix;" />
				<Option output="../Release/cmpbin" prefix_auto="1" extension_auto="1" />
				<Option object_output="Release/" />
				<Option deps_output="../Release/" />
				<Option type="0" />
				<Option compiler="gcc" />
				<Compiler>
					<Add option="-O1" />
					<Add option="-Wall" />
					<Add option="`wx-config --cxxflags`" />
					<Add option="`wx-config --libs`" />
					<Add option="-D_UNICODE" />
					<Add option="-DWIN32" />
					<Add directory="$(WXWIN)/include/msvc/" />
					<Add directory="$(VC_IncludePath)/" />
					<Add directory="$(WindowsSDK_IncludePath)/" />
					<Add directory="$(WXWIN)/include/" />
					<Add directory="$(MSBuildThisFileDirectory)include/msvc/" />
					<Add directory="$(MSBuildThisFileDirectory)include/" />
					<Add directory="include" />
				</Compiler>
				<Linker>
					<Add option="-s" />
					<Add directory="$(VC_LibraryPath_x64)/" />
					<Add directory="$(WindowsSDK_LibraryPath_x64)/" />
					<Add directory="$(NETFXKitsDir)Lib/um/x64/$(WXWIN)/lib/vc14x_x64_dll/" />
					<Add directory="$(wxLibOrDllDir)/" />
					<Add directory="$(WXWIN)/lib/vc14x_x64_dll/" />
				</Linker>
			</Target>
		</Build>
		<Compiler>
			<Add option="-std=gnu++11" />
			<Add option="-m64" />
			<Add option="`wx-config --cxxflags`" />
			<Add directory="/home/ivan/src/cmpbin/cmpbin/" />
			<Add directory="/home/ivan/src/cmpbin/cmpbin/CmpbinLibrary" />
		</Compiler>
		<Linker>
			<Add option="-m64" />
			<Add option="`wx-config --libs`" />
		</Linker>
		<Unit filename="CmpbinApp.cpp" />
		<Unit filename="CmpbinApp.h" />
		<Unit filename="CmpbinFrame.cpp" />
		<Unit filename="CmpbinFrame.h" />
		<Unit filename="CmpbinLibrary/Cmpbin.cpp" />
		<Unit filename="CmpbinLibrary/Cmpbin.h" />
		<Unit filename="CmpbinLibrary/MurmurHash3.cpp" />
		<Unit filename="CmpbinLibrary/MurmurHash3.h" />
		<Unit filename="Enums.h" />
		<Unit filename="ListDataItem.h" />
		<Unit filename="WorkerThread.cpp" />
		<Unit filename="WorkerThread.h" />
		<Unit filename="pics/cmpbin.xpm" />
		<Extensions />
	</Project>
</CodeBlocks_project_file>
